
Microsoft Visual Studio Solution File, Format Version 12.00
# Visual Studio 15
VisualStudioVersion = 15.0.27004.2006
MinimumVisualStudioVersion = 10.0.40219.1
Project("{FAE04EC0-301F-11D3-BF4B-00C04F79EFBC}") = "AutomatedTellerMachine", "AutomatedTellerMachine\AutomatedTellerMachine.csproj", "{B942D4E0-EFF4-4702-8608-A5D8F88F9B09}"
EndProject
Project("{FAE04EC0-301F-11D3-BF4B-00C04F79EFBC}") = "AutomatedTellerMachine.Tests", "AutomatedTellerMachine.Tests\AutomatedTellerMachine.Tests.csproj", "{9ECD750A-52D2-4C0C-BA34-0078035C70C2}"
EndProject
Global
	GlobalSection(SolutionConfigurationPlatforms) = preSolution
		Debug|Any CPU = Debug|Any CPU
		Release|Any CPU = Release|Any CPU
	EndGlobalSection
	GlobalSection(ProjectConfigurationPlatforms) = postSolution
		{B942D4E0-EFF4-4702-8608-A5D8F88F9B09}.Debug|Any CPU.ActiveCfg = Debug|Any CPU
		{B942D4E0-EFF4-4702-8608-A5D8F88F9B09}.Debug|Any CPU.Build.0 = Debug|Any CPU
		{B942D4E0-EFF4-4702-8608-A5D8F88F9B09}.Release|Any CPU.ActiveCfg = Release|Any CPU
		{B942D4E0-EFF4-4702-8608-A5D8F88F9B09}.Release|Any CPU.Build.0 = Release|Any CPU
		{9ECD750A-52D2-4C0C-BA34-0078035C70C2}.Debug|Any CPU.ActiveCfg = Debug|Any CPU
		{9ECD750A-52D2-4C0C-BA34-0078035C70C2}.Debug|Any CPU.Build.0 = Debug|Any CPU
		{9ECD750A-52D2-4C0C-BA34-0078035C70C2}.Release|Any CPU.ActiveCfg = Release|Any CPU
		{9ECD750A-52D2-4C0C-BA34-0078035C70C2}.Release|Any CPU.Build.0 = Release|Any CPU
	EndGlobalSection
	GlobalSection(SolutionProperties) = preSolution
		HideSolutionNode = FALSE
	EndGlobalSection
	GlobalSection(ExtensibilityGlobals) = postSolution
		SolutionGuid = {90F4AD0F-9BF5-436E-A07A-4FB3CE86DC0E}
	EndGlobalSection
EndGlobal
